
Microsoft Visual Studio Solution File, Format Version 12.00
# Visual Studio Version 16
VisualStudioVersion = 16.0.33927.289
MinimumVisualStudioVersion = 10.0.40219.1
Project("{2150E333-8FDC-42A3-9474-1A3956D46DE8}") = "Task0", "Task0", "{0C139B7C-A174-4027-AB5E-30881E7205FD}"
EndProject
Project("{FAE04EC0-301F-11D3-BF4B-00C04F79EFBC}") = "Tyuiu.VorobevSA.Sprint6.Task0.V24.Lib", "Tyuiu.VorobevSA.Sprint6.Task0.V24.Lib\Tyuiu.VorobevSA.Sprint6.Task0.V24.Lib.csproj", "{195CAE22-A316-468F-AD45-42E592181467}"
EndProject
Project("{FAE04EC0-301F-11D3-BF4B-00C04F79EFBC}") = "Tyuiu.VorobevSA.Sprint6.Task0.V24.Test", "Tyuiu.VorobevSA.Sprint6.Task0.V24.Test\Tyuiu.VorobevSA.Sprint6.Task0.V24.Test.csproj", "{829BD4CC-F8EF-48F5-A7F2-5C8F9FB5FBC7}"
EndProject
Project("{FAE04EC0-301F-11D3-BF4B-00C04F79EFBC}") = "Tyuiu.VorobevSA.Sprint6.Task0.V24", "Tyuiu.VorobevSA.Sprint6.Task0.V24\Tyuiu.VorobevSA.Sprint6.Task0.V24.csproj", "{F54C3EB6-AE80-499C-ADBE-652100432872}"
EndProject
Project("{2150E333-8FDC-42A3-9474-1A3956D46DE8}") = "Task1", "Task1", "{732D2B9B-BBE8-47CC-BAE5-D7015BE3FF9F}"
EndProject
Project("{FAE04EC0-301F-11D3-BF4B-00C04F79EFBC}") = "Tyuiu.VorobevSA.Sprint6.Task1.V14", "Tyuiu.VorobevSA.Sprint6.Task1.V14\Tyuiu.VorobevSA.Sprint6.Task1.V14.csproj", "{C861C38B-2B66-42FA-B3E4-9CA9F4B77A12}"
EndProject
Project("{FAE04EC0-301F-11D3-BF4B-00C04F79EFBC}") = "Tyuiu.VorobevSA.Sprint6.Task1.V14.Lib", "Tyuiu.VorobevSA.Sprint6.Task1.V14.Lib\Tyuiu.VorobevSA.Sprint6.Task1.V14.Lib.csproj", "{C468410D-F36C-4B95-9519-09073A795B19}"
EndProject
Project("{FAE04EC0-301F-11D3-BF4B-00C04F79EFBC}") = "Tyuiu.VorobevSA.Sprint6.Task1.V14.Test", "Tyuiu.VorobevSA.Sprint6.Task1.V14.Test\Tyuiu.VorobevSA.Sprint6.Task1.V14.Test.csproj", "{113EB1CA-29EF-4B85-B6AB-8B5665E41E4D}"
EndProject
Project("{2150E333-8FDC-42A3-9474-1A3956D46DE8}") = "Task2", "Task2", "{04F6C201-FF76-41C0-A87E-C6006E08C152}"
EndProject
Project("{FAE04EC0-301F-11D3-BF4B-00C04F79EFBC}") = "Tyuiu.VorobevSA.Sprint6.Task2.V5", "Tyuiu.VorobevSA.Sprint6.Task2.V5\Tyuiu.VorobevSA.Sprint6.Task2.V5.csproj", "{95E33B92-21CB-4C02-B7D0-54D6CC076309}"
EndProject
Project("{FAE04EC0-301F-11D3-BF4B-00C04F79EFBC}") = "Tyuiu.VorobevSA.Sprint6.Task2.V5.Lib", "Tyuiu.VorobevSA.Sprint6.Task2.V5.Lib\Tyuiu.VorobevSA.Sprint6.Task2.V5.Lib.csproj", "{7C8724CB-9F35-4A01-82D5-DE92AD51023F}"
EndProject
Project("{FAE04EC0-301F-11D3-BF4B-00C04F79EFBC}") = "Tyuiu.VorobevSA.Sprint6.Task2.V5.Test", "Tyuiu.VorobevSA.Sprint6.Task2.V5.Test\Tyuiu.VorobevSA.Sprint6.Task2.V5.Test.csproj", "{8395E694-660A-4D58-B3D0-D17F4FC8AF57}"
EndProject
Project("{2150E333-8FDC-42A3-9474-1A3956D46DE8}") = "Task3", "Task3", "{8A4FB06E-8121-4218-8F99-1F4259A76439}"
EndProject
Project("{FAE04EC0-301F-11D3-BF4B-00C04F79EFBC}") = "Tyuiu.VorobevSA.Sprint6.Task3.V5", "Tyuiu.VorobevSA.Sprint6.Task3.V5\Tyuiu.VorobevSA.Sprint6.Task3.V5.csproj", "{C67B77AC-9623-4283-9B95-7D38FF5F0F16}"
EndProject
Project("{FAE04EC0-301F-11D3-BF4B-00C04F79EFBC}") = "Tyuiu.VorobevSA.Sprint6.Task3.V5.Lib", "Tyuiu.VorobevSA.Sprint6.Task3.V5.Lib\Tyuiu.VorobevSA.Sprint6.Task3.V5.Lib.csproj", "{B997F383-7257-46F2-ABBC-4F59285B00B9}"
EndProject
Project("{FAE04EC0-301F-11D3-BF4B-00C04F79EFBC}") = "Tyuiu.VorobevSA.Sprint6.Task3.V5.Test", "Tyuiu.VorobevSA.Sprint6.Task3.V5.Test\Tyuiu.VorobevSA.Sprint6.Task3.V5.Test.csproj", "{F68E6671-B64C-4046-B8A5-AD4FD777F6F8}"
EndProject
Project("{2150E333-8FDC-42A3-9474-1A3956D46DE8}") = "Task4", "Task4", "{1AB778C0-0ECC-4B5F-B800-7CA5A78A0106}"
EndProject
Project("{FAE04EC0-301F-11D3-BF4B-00C04F79EFBC}") = "Tyuiu.VorobevSA.Sprint6.Task4.V29", "Tyuiu.VorobevSA.Sprint6.Task4.V29\Tyuiu.VorobevSA.Sprint6.Task4.V29.csproj", "{256F769E-4629-4733-A0DC-1D2822D217FD}"
EndProject
Project("{FAE04EC0-301F-11D3-BF4B-00C04F79EFBC}") = "Tyuiu.VorobevSA.Sprint6.Task4.V29.Lib", "Tyuiu.VorobevSA.Sprint6.Task4.V29.Lib\Tyuiu.VorobevSA.Sprint6.Task4.V29.Lib.csproj", "{AA1C82AD-089F-44C5-A3A2-65F0B190E461}"
EndProject
Project("{FAE04EC0-301F-11D3-BF4B-00C04F79EFBC}") = "Tyuiu.VorobevSA.Sprint6.Task4.V29.Test", "Tyuiu.VorobevSA.Sprint6.Task4.V29.Test\Tyuiu.VorobevSA.Sprint6.Task4.V29.Test.csproj", "{08090757-CCE4-4C32-A00A-ADBD7DC738A1}"
EndProject
Global
	GlobalSection(SolutionConfigurationPlatforms) = preSolution
		Debug|Any CPU = Debug|Any CPU
		Release|Any CPU = Release|Any CPU
	EndGlobalSection
	GlobalSection(ProjectConfigurationPlatforms) = postSolution
		{195CAE22-A316-468F-AD45-42E592181467}.Debug|Any CPU.ActiveCfg = Debug|Any CPU
		{195CAE22-A316-468F-AD45-42E592181467}.Debug|Any CPU.Build.0 = Debug|Any CPU
		{195CAE22-A316-468F-AD45-42E592181467}.Release|Any CPU.ActiveCfg = Release|Any CPU
		{195CAE22-A316-468F-AD45-42E592181467}.Release|Any CPU.Build.0 = Release|Any CPU
		{829BD4CC-F8EF-48F5-A7F2-5C8F9FB5FBC7}.Debug|Any CPU.ActiveCfg = Debug|Any CPU
		{829BD4CC-F8EF-48F5-A7F2-5C8F9FB5FBC7}.Debug|Any CPU.Build.0 = Debug|Any CPU
		{829BD4CC-F8EF-48F5-A7F2-5C8F9FB5FBC7}.Release|Any CPU.ActiveCfg = Release|Any CPU
		{829BD4CC-F8EF-48F5-A7F2-5C8F9FB5FBC7}.Release|Any CPU.Build.0 = Release|Any CPU
		{F54C3EB6-AE80-499C-ADBE-652100432872}.Debug|Any CPU.ActiveCfg = Debug|Any CPU
		{F54C3EB6-AE80-499C-ADBE-652100432872}.Debug|Any CPU.Build.0 = Debug|Any CPU
		{F54C3EB6-AE80-499C-ADBE-652100432872}.Release|Any CPU.ActiveCfg = Release|Any CPU
		{F54C3EB6-AE80-499C-ADBE-652100432872}.Release|Any CPU.Build.0 = Release|Any CPU
		{C861C38B-2B66-42FA-B3E4-9CA9F4B77A12}.Debug|Any CPU.ActiveCfg = Debug|Any CPU
		{C861C38B-2B66-42FA-B3E4-9CA9F4B77A12}.Debug|Any CPU.Build.0 = Debug|Any CPU
		{C861C38B-2B66-42FA-B3E4-9CA9F4B77A12}.Release|Any CPU.ActiveCfg = Release|Any CPU
		{C861C38B-2B66-42FA-B3E4-9CA9F4B77A12}.Release|Any CPU.Build.0 = Release|Any CPU
		{C468410D-F36C-4B95-9519-09073A795B19}.Debug|Any CPU.ActiveCfg = Debug|Any CPU
		{C468410D-F36C-4B95-9519-09073A795B19}.Debug|Any CPU.Build.0 = Debug|Any CPU
		{C468410D-F36C-4B95-9519-09073A795B19}.Release|Any CPU.ActiveCfg = Release|Any CPU
		{C468410D-F36C-4B95-9519-09073A795B19}.Release|Any CPU.Build.0 = Release|Any CPU
		{113EB1CA-29EF-4B85-B6AB-8B5665E41E4D}.Debug|Any CPU.ActiveCfg = Debug|Any CPU
		{113EB1CA-29EF-4B85-B6AB-8B5665E41E4D}.Debug|Any CPU.Build.0 = Debug|Any CPU
		{113EB1CA-29EF-4B85-B6AB-8B5665E41E4D}.Release|Any CPU.ActiveCfg = Release|Any CPU
		{113EB1CA-29EF-4B85-B6AB-8B5665E41E4D}.Release|Any CPU.Build.0 = Release|Any CPU
		{95E33B92-21CB-4C02-B7D0-54D6CC076309}.Debug|Any CPU.ActiveCfg = Debug|Any CPU
		{95E33B92-21CB-4C02-B7D0-54D6CC076309}.Debug|Any CPU.Build.0 = Debug|Any CPU
		{95E33B92-21CB-4C02-B7D0-54D6CC076309}.Release|Any CPU.ActiveCfg = Release|Any CPU
		{95E33B92-21CB-4C02-B7D0-54D6CC076309}.Release|Any CPU.Build.0 = Release|Any CPU
		{7C8724CB-9F35-4A01-82D5-DE92AD51023F}.Debug|Any CPU.ActiveCfg = Debug|Any CPU
		{7C8724CB-9F35-4A01-82D5-DE92AD51023F}.Debug|Any CPU.Build.0 = Debug|Any CPU
		{7C8724CB-9F35-4A01-82D5-DE92AD51023F}.Release|Any CPU.ActiveCfg = Release|Any CPU
		{7C8724CB-9F35-4A01-82D5-DE92AD51023F}.Release|Any CPU.Build.0 = Release|Any CPU
		{8395E694-660A-4D58-B3D0-D17F4FC8AF57}.Debug|Any CPU.ActiveCfg = Debug|Any CPU
		{8395E694-660A-4D58-B3D0-D17F4FC8AF57}.Debug|Any CPU.Build.0 = Debug|Any CPU
		{8395E694-660A-4D58-B3D0-D17F4FC8AF57}.Release|Any CPU.ActiveCfg = Release|Any CPU
		{8395E694-660A-4D58-B3D0-D17F4FC8AF57}.Release|Any CPU.Build.0 = Release|Any CPU
		{C67B77AC-9623-4283-9B95-7D38FF5F0F16}.Debug|Any CPU.ActiveCfg = Debug|Any CPU
		{C67B77AC-9623-4283-9B95-7D38FF5F0F16}.Debug|Any CPU.Build.0 = Debug|Any CPU
		{C67B77AC-9623-4283-9B95-7D38FF5F0F16}.Release|Any CPU.ActiveCfg = Release|Any CPU
		{C67B77AC-9623-4283-9B95-7D38FF5F0F16}.Release|Any CPU.Build.0 = Release|Any CPU
		{B997F383-7257-46F2-ABBC-4F59285B00B9}.Debug|Any CPU.ActiveCfg = Debug|Any CPU
		{B997F383-7257-46F2-ABBC-4F59285B00B9}.Debug|Any CPU.Build.0 = Debug|Any CPU
		{B997F383-7257-46F2-ABBC-4F59285B00B9}.Release|Any CPU.ActiveCfg = Release|Any CPU
		{B997F383-7257-46F2-ABBC-4F59285B00B9}.Release|Any CPU.Build.0 = Release|Any CPU
		{F68E6671-B64C-4046-B8A5-AD4FD777F6F8}.Debug|Any CPU.ActiveCfg = Debug|Any CPU
		{F68E6671-B64C-4046-B8A5-AD4FD777F6F8}.Debug|Any CPU.Build.0 = Debug|Any CPU
		{F68E6671-B64C-4046-B8A5-AD4FD777F6F8}.Release|Any CPU.ActiveCfg = Release|Any CPU
		{F68E6671-B64C-4046-B8A5-AD4FD777F6F8}.Release|Any CPU.Build.0 = Release|Any CPU
		{256F769E-4629-4733-A0DC-1D2822D217FD}.Debug|Any CPU.ActiveCfg = Debug|Any CPU
		{256F769E-4629-4733-A0DC-1D2822D217FD}.Debug|Any CPU.Build.0 = Debug|Any CPU
		{256F769E-4629-4733-A0DC-1D2822D217FD}.Release|Any CPU.ActiveCfg = Release|Any CPU
		{256F769E-4629-4733-A0DC-1D2822D217FD}.Release|Any CPU.Build.0 = Release|Any CPU
		{AA1C82AD-089F-44C5-A3A2-65F0B190E461}.Debug|Any CPU.ActiveCfg = Debug|Any CPU
		{AA1C82AD-089F-44C5-A3A2-65F0B190E461}.Debug|Any CPU.Build.0 = Debug|Any CPU
		{AA1C82AD-089F-44C5-A3A2-65F0B190E461}.Release|Any CPU.ActiveCfg = Release|Any CPU
		{AA1C82AD-089F-44C5-A3A2-65F0B190E461}.Release|Any CPU.Build.0 = Release|Any CPU
		{08090757-CCE4-4C32-A00A-ADBD7DC738A1}.Debug|Any CPU.ActiveCfg = Debug|Any CPU
		{08090757-CCE4-4C32-A00A-ADBD7DC738A1}.Debug|Any CPU.Build.0 = Debug|Any CPU
		{08090757-CCE4-4C32-A00A-ADBD7DC738A1}.Release|Any CPU.ActiveCfg = Release|Any CPU
		{08090757-CCE4-4C32-A00A-ADBD7DC738A1}.Release|Any CPU.Build.0 = Release|Any CPU
	EndGlobalSection
	GlobalSection(SolutionProperties) = preSolution
		HideSolutionNode = FALSE
	EndGlobalSection
	GlobalSection(NestedProjects) = preSolution
		{195CAE22-A316-468F-AD45-42E592181467} = {0C139B7C-A174-4027-AB5E-30881E7205FD}
		{829BD4CC-F8EF-48F5-A7F2-5C8F9FB5FBC7} = {0C139B7C-A174-4027-AB5E-30881E7205FD}
		{F54C3EB6-AE80-499C-ADBE-652100432872} = {0C139B7C-A174-4027-AB5E-30881E7205FD}
		{C861C38B-2B66-42FA-B3E4-9CA9F4B77A12} = {732D2B9B-BBE8-47CC-BAE5-D7015BE3FF9F}
		{C468410D-F36C-4B95-9519-09073A795B19} = {732D2B9B-BBE8-47CC-BAE5-D7015BE3FF9F}
		{113EB1CA-29EF-4B85-B6AB-8B5665E41E4D} = {732D2B9B-BBE8-47CC-BAE5-D7015BE3FF9F}
		{95E33B92-21CB-4C02-B7D0-54D6CC076309} = {04F6C201-FF76-41C0-A87E-C6006E08C152}
		{7C8724CB-9F35-4A01-82D5-DE92AD51023F} = {04F6C201-FF76-41C0-A87E-C6006E08C152}
		{8395E694-660A-4D58-B3D0-D17F4FC8AF57} = {04F6C201-FF76-41C0-A87E-C6006E08C152}
		{C67B77AC-9623-4283-9B95-7D38FF5F0F16} = {8A4FB06E-8121-4218-8F99-1F4259A76439}
		{B997F383-7257-46F2-ABBC-4F59285B00B9} = {8A4FB06E-8121-4218-8F99-1F4259A76439}
		{F68E6671-B64C-4046-B8A5-AD4FD777F6F8} = {8A4FB06E-8121-4218-8F99-1F4259A76439}
		{256F769E-4629-4733-A0DC-1D2822D217FD} = {1AB778C0-0ECC-4B5F-B800-7CA5A78A0106}
		{AA1C82AD-089F-44C5-A3A2-65F0B190E461} = {1AB778C0-0ECC-4B5F-B800-7CA5A78A0106}
		{08090757-CCE4-4C32-A00A-ADBD7DC738A1} = {1AB778C0-0ECC-4B5F-B800-7CA5A78A0106}
	EndGlobalSection
	GlobalSection(ExtensibilityGlobals) = postSolution
		SolutionGuid = {AB072DEF-CE84-4FD5-B693-F0AA7BA9E112}
	EndGlobalSection
EndGlobal
